
Microsoft Visual Studio Solution File, Format Version 12.00
# Visual Studio 15
VisualStudioVersion = 15.0.26430.6
MinimumVisualStudioVersion = 10.0.40219.1
Project("{FAE04EC0-301F-11D3-BF4B-00C04F79EFBC}") = "MatrixOfPalindromes", "MatrixOfPalindromes\MatrixOfPalindromes.csproj", "{D892863D-7236-446E-BDB7-284AE788F787}"
EndProject
Project("{FAE04EC0-301F-11D3-BF4B-00C04F79EFBC}") = "DiagonalDifference", "DiagonalDifference\DiagonalDifference.csproj", "{DA6EC059-663E-4903-8C7D-3570A8E29B77}"
EndProject
Project("{FAE04EC0-301F-11D3-BF4B-00C04F79EFBC}") = "SquaresInMatrix", "SquaresInMatrix\SquaresInMatrix.csproj", "{1B6C594A-F912-4DAB-A486-0998BF9FE207}"
EndProject
Project("{FAE04EC0-301F-11D3-BF4B-00C04F79EFBC}") = "MaximalSum", "MaximalSum\MaximalSum.csproj", "{FEC5D963-F0D8-4D45-A92B-FE4ED199298B}"
EndProject
Project("{FAE04EC0-301F-11D3-BF4B-00C04F79EFBC}") = "RubiksMatrix", "RubiksMatrix\RubiksMatrix.csproj", "{8771CB50-38D5-48D3-A8E5-856360F6D6EE}"
EndProject
Project("{FAE04EC0-301F-11D3-BF4B-00C04F79EFBC}") = "TargetPractice", "TargetPractice\TargetPractice.csproj", "{0DE773E4-C882-4ABC-A9EB-9049EC52CE04}"
EndProject
Project("{FAE04EC0-301F-11D3-BF4B-00C04F79EFBC}") = "LegoBlocks", "LegoBlocks\LegoBlocks.csproj", "{E63D2C78-6660-478E-95A0-7956319F1B24}"
EndProject
Project("{FAE04EC0-301F-11D3-BF4B-00C04F79EFBC}") = "RadioactiveBunnies", "RadioactiveBunnies\RadioactiveBunnies.csproj", "{06779970-3AF3-4950-BEFB-01A4AC921FFD}"
EndProject
Project("{FAE04EC0-301F-11D3-BF4B-00C04F79EFBC}") = "Crossfire", "Crossfire\Crossfire.csproj", "{3FB39972-8D7C-4F35-877F-806FEB73CBF1}"
EndProject
Project("{FAE04EC0-301F-11D3-BF4B-00C04F79EFBC}") = "TheHeiganDance", "TheHeiganDance\TheHeiganDance.csproj", "{69CB5F85-6C8E-4A2C-B2B1-126DFD2D322B}"
EndProject
Project("{FAE04EC0-301F-11D3-BF4B-00C04F79EFBC}") = "TheHeiganDance-Prepisano", "TheHeiganDance-Prepisano\TheHeiganDance-Prepisano.csproj", "{9EA99D19-5A3B-4361-9F51-1FF6B41135BD}"
EndProject
Project("{FAE04EC0-301F-11D3-BF4B-00C04F79EFBC}") = "ParkingSystem", "ParkingSystem\ParkingSystem.csproj", "{3A1E10B7-2C22-41F7-B0FC-2F47F9D26C85}"
EndProject
Project("{FAE04EC0-301F-11D3-BF4B-00C04F79EFBC}") = "StringMatrixRotation", "StringMatrixRotation\StringMatrixRotation.csproj", "{CCA447EA-CC79-42B9-BB5C-9B687BD80427}"
EndProject
Global
	GlobalSection(SolutionConfigurationPlatforms) = preSolution
		Debug|Any CPU = Debug|Any CPU
		Release|Any CPU = Release|Any CPU
	EndGlobalSection
	GlobalSection(ProjectConfigurationPlatforms) = postSolution
		{D892863D-7236-446E-BDB7-284AE788F787}.Debug|Any CPU.ActiveCfg = Debug|Any CPU
		{D892863D-7236-446E-BDB7-284AE788F787}.Debug|Any CPU.Build.0 = Debug|Any CPU
		{D892863D-7236-446E-BDB7-284AE788F787}.Release|Any CPU.ActiveCfg = Release|Any CPU
		{D892863D-7236-446E-BDB7-284AE788F787}.Release|Any CPU.Build.0 = Release|Any CPU
		{DA6EC059-663E-4903-8C7D-3570A8E29B77}.Debug|Any CPU.ActiveCfg = Debug|Any CPU
		{DA6EC059-663E-4903-8C7D-3570A8E29B77}.Debug|Any CPU.Build.0 = Debug|Any CPU
		{DA6EC059-663E-4903-8C7D-3570A8E29B77}.Release|Any CPU.ActiveCfg = Release|Any CPU
		{DA6EC059-663E-4903-8C7D-3570A8E29B77}.Release|Any CPU.Build.0 = Release|Any CPU
		{1B6C594A-F912-4DAB-A486-0998BF9FE207}.Debug|Any CPU.ActiveCfg = Debug|Any CPU
		{1B6C594A-F912-4DAB-A486-0998BF9FE207}.Debug|Any CPU.Build.0 = Debug|Any CPU
		{1B6C594A-F912-4DAB-A486-0998BF9FE207}.Release|Any CPU.ActiveCfg = Release|Any CPU
		{1B6C594A-F912-4DAB-A486-0998BF9FE207}.Release|Any CPU.Build.0 = Release|Any CPU
		{FEC5D963-F0D8-4D45-A92B-FE4ED199298B}.Debug|Any CPU.ActiveCfg = Debug|Any CPU
		{FEC5D963-F0D8-4D45-A92B-FE4ED199298B}.Debug|Any CPU.Build.0 = Debug|Any CPU
		{FEC5D963-F0D8-4D45-A92B-FE4ED199298B}.Release|Any CPU.ActiveCfg = Release|Any CPU
		{FEC5D963-F0D8-4D45-A92B-FE4ED199298B}.Release|Any CPU.Build.0 = Release|Any CPU
		{8771CB50-38D5-48D3-A8E5-856360F6D6EE}.Debug|Any CPU.ActiveCfg = Debug|Any CPU
		{8771CB50-38D5-48D3-A8E5-856360F6D6EE}.Debug|Any CPU.Build.0 = Debug|Any CPU
		{8771CB50-38D5-48D3-A8E5-856360F6D6EE}.Release|Any CPU.ActiveCfg = Release|Any CPU
		{8771CB50-38D5-48D3-A8E5-856360F6D6EE}.Release|Any CPU.Build.0 = Release|Any CPU
		{0DE773E4-C882-4ABC-A9EB-9049EC52CE04}.Debug|Any CPU.ActiveCfg = Debug|Any CPU
		{0DE773E4-C882-4ABC-A9EB-9049EC52CE04}.Debug|Any CPU.Build.0 = Debug|Any CPU
		{0DE773E4-C882-4ABC-A9EB-9049EC52CE04}.Release|Any CPU.ActiveCfg = Release|Any CPU
		{0DE773E4-C882-4ABC-A9EB-9049EC52CE04}.Release|Any CPU.Build.0 = Release|Any CPU
		{E63D2C78-6660-478E-95A0-7956319F1B24}.Debug|Any CPU.ActiveCfg = Debug|Any CPU
		{E63D2C78-6660-478E-95A0-7956319F1B24}.Debug|Any CPU.Build.0 = Debug|Any CPU
		{E63D2C78-6660-478E-95A0-7956319F1B24}.Release|Any CPU.ActiveCfg = Release|Any CPU
		{E63D2C78-6660-478E-95A0-7956319F1B24}.Release|Any CPU.Build.0 = Release|Any CPU
		{06779970-3AF3-4950-BEFB-01A4AC921FFD}.Debug|Any CPU.ActiveCfg = Debug|Any CPU
		{06779970-3AF3-4950-BEFB-01A4AC921FFD}.Debug|Any CPU.Build.0 = Debug|Any CPU
		{06779970-3AF3-4950-BEFB-01A4AC921FFD}.Release|Any CPU.ActiveCfg = Release|Any CPU
		{06779970-3AF3-4950-BEFB-01A4AC921FFD}.Release|Any CPU.Build.0 = Release|Any CPU
		{3FB39972-8D7C-4F35-877F-806FEB73CBF1}.Debug|Any CPU.ActiveCfg = Debug|Any CPU
		{3FB39972-8D7C-4F35-877F-806FEB73CBF1}.Debug|Any CPU.Build.0 = Debug|Any CPU
		{3FB39972-8D7C-4F35-877F-806FEB73CBF1}.Release|Any CPU.ActiveCfg = Release|Any CPU
		{3FB39972-8D7C-4F35-877F-806FEB73CBF1}.Release|Any CPU.Build.0 = Release|Any CPU
		{69CB5F85-6C8E-4A2C-B2B1-126DFD2D322B}.Debug|Any CPU.ActiveCfg = Debug|Any CPU
		{69CB5F85-6C8E-4A2C-B2B1-126DFD2D322B}.Debug|Any CPU.Build.0 = Debug|Any CPU
		{69CB5F85-6C8E-4A2C-B2B1-126DFD2D322B}.Release|Any CPU.ActiveCfg = Release|Any CPU
		{69CB5F85-6C8E-4A2C-B2B1-126DFD2D322B}.Release|Any CPU.Build.0 = Release|Any CPU
		{9EA99D19-5A3B-4361-9F51-1FF6B41135BD}.Debug|Any CPU.ActiveCfg = Debug|Any CPU
		{9EA99D19-5A3B-4361-9F51-1FF6B41135BD}.Debug|Any CPU.Build.0 = Debug|Any CPU
		{9EA99D19-5A3B-4361-9F51-1FF6B41135BD}.Release|Any CPU.ActiveCfg = Release|Any CPU
		{9EA99D19-5A3B-4361-9F51-1FF6B41135BD}.Release|Any CPU.Build.0 = Release|Any CPU
		{3A1E10B7-2C22-41F7-B0FC-2F47F9D26C85}.Debug|Any CPU.ActiveCfg = Debug|Any CPU
		{3A1E10B7-2C22-41F7-B0FC-2F47F9D26C85}.Debug|Any CPU.Build.0 = Debug|Any CPU
		{3A1E10B7-2C22-41F7-B0FC-2F47F9D26C85}.Release|Any CPU.ActiveCfg = Release|Any CPU
		{3A1E10B7-2C22-41F7-B0FC-2F47F9D26C85}.Release|Any CPU.Build.0 = Release|Any CPU
		{CCA447EA-CC79-42B9-BB5C-9B687BD80427}.Debug|Any CPU.ActiveCfg = Debug|Any CPU
		{CCA447EA-CC79-42B9-BB5C-9B687BD80427}.Debug|Any CPU.Build.0 = Debug|Any CPU
		{CCA447EA-CC79-42B9-BB5C-9B687BD80427}.Release|Any CPU.ActiveCfg = Release|Any CPU
		{CCA447EA-CC79-42B9-BB5C-9B687BD80427}.Release|Any CPU.Build.0 = Release|Any CPU
	EndGlobalSection
	GlobalSection(SolutionProperties) = preSolution
		HideSolutionNode = FALSE
	EndGlobalSection
EndGlobal
